// !$*UTF8*$!
{
	archiveVersion = 1;
	classes = {
	};
	objectVersion = 46;
	objects = {

/* Begin PBXBuildFile section */
		55FC6E26766C4DC580485904 /* libPods.a in Frameworks */ = {isa = PBXBuildFile; fileRef = 1204C916E14C4477BE726871 /* libPods.a */; };
		DACF6C481A206F06000E078C /* main.m in Sources */ = {isa = PBXBuildFile; fileRef = DACF6C471A206F06000E078C /* main.m */; };
		DACF6C4B1A206F06000E078C /* AppDelegate.m in Sources */ = {isa = PBXBuildFile; fileRef = DACF6C4A1A206F06000E078C /* AppDelegate.m */; };
		DACF6C4E1A206F06000E078C /* ViewController.m in Sources */ = {isa = PBXBuildFile; fileRef = DACF6C4D1A206F06000E078C /* ViewController.m */; };
		DACF6C511A206F06000E078C /* Main.storyboard in Resources */ = {isa = PBXBuildFile; fileRef = DACF6C4F1A206F06000E078C /* Main.storyboard */; };
		DACF6C531A206F06000E078C /* Images.xcassets in Resources */ = {isa = PBXBuildFile; fileRef = DACF6C521A206F06000E078C /* Images.xcassets */; };
		DACF6C561A206F06000E078C /* LaunchScreen.xib in Resources */ = {isa = PBXBuildFile; fileRef = DACF6C541A206F06000E078C /* LaunchScreen.xib */; };
		DACF6C621A206F07000E078C /* GithubTests.m in Sources */ = {isa = PBXBuildFile; fileRef = DACF6C611A206F07000E078C /* GithubTests.m */; };
		DACF6C6D1A2078C8000E078C /* SecondViewController.m in Sources */ = {isa = PBXBuildFile; fileRef = DACF6C6C1A2078C8000E078C /* SecondViewController.m */; };
/* End PBXBuildFile section */

/* Begin PBXContainerItemProxy section */
		DACF6C5C1A206F07000E078C /* PBXContainerItemProxy */ = {
			isa = PBXContainerItemProxy;
			containerPortal = DACF6C3A1A206F06000E078C /* Project object */;
			proxyType = 1;
			remoteGlobalIDString = DACF6C411A206F06000E078C;
			remoteInfo = Github;
		};
/* End PBXContainerItemProxy section */

/* Begin PBXFileReference section */
		1204C916E14C4477BE726871 /* libPods.a */ = {isa = PBXFileReference; explicitFileType = archive.ar; includeInIndex = 0; path = libPods.a; sourceTree = BUILT_PRODUCTS_DIR; };
		1ED4B5ABAF6647D7A506F07F /* Pods.xcconfig */ = {isa = PBXFileReference; includeInIndex = 1; lastKnownFileType = text.xcconfig; name = Pods.xcconfig; path = Pods/Pods.xcconfig; sourceTree = "<group>"; };
		DACF6C421A206F06000E078C /* Github.app */ = {isa = PBXFileReference; explicitFileType = wrapper.application; includeInIndex = 0; path = Github.app; sourceTree = BUILT_PRODUCTS_DIR; };
		DACF6C461A206F06000E078C /* Info.plist */ = {isa = PBXFileReference; lastKnownFileType = text.plist.xml; path = Info.plist; sourceTree = "<group>"; };
		DACF6C471A206F06000E078C /* main.m */ = {isa = PBXFileReference; lastKnownFileType = sourcecode.c.objc; path = main.m; sourceTree = "<group>"; };
		DACF6C491A206F06000E078C /* AppDelegate.h */ = {isa = PBXFileReference; lastKnownFileType = sourcecode.c.h; path = AppDelegate.h; sourceTree = "<group>"; };
		DACF6C4A1A206F06000E078C /* AppDelegate.m */ = {isa = PBXFileReference; lastKnownFileType = sourcecode.c.objc; path = AppDelegate.m; sourceTree = "<group>"; };
		DACF6C4C1A206F06000E078C /* ViewController.h */ = {isa = PBXFileReference; lastKnownFileType = sourcecode.c.h; path = ViewController.h; sourceTree = "<group>"; };
		DACF6C4D1A206F06000E078C /* ViewController.m */ = {isa = PBXFileReference; lastKnownFileType = sourcecode.c.objc; path = ViewController.m; sourceTree = "<group>"; };
		DACF6C501A206F06000E078C /* Base */ = {isa = PBXFileReference; lastKnownFileType = file.storyboard; name = Base; path = Base.lproj/Main.storyboard; sourceTree = "<group>"; };
		DACF6C521A206F06000E078C /* Images.xcassets */ = {isa = PBXFileReference; lastKnownFileType = folder.assetcatalog; path = Images.xcassets; sourceTree = "<group>"; };
		DACF6C551A206F06000E078C /* Base */ = {isa = PBXFileReference; lastKnownFileType = file.xib; name = Base; path = Base.lproj/LaunchScreen.xib; sourceTree = "<group>"; };
		DACF6C5B1A206F07000E078C /* GithubTests.xctest */ = {isa = PBXFileReference; explicitFileType = wrapper.cfbundle; includeInIndex = 0; path = GithubTests.xctest; sourceTree = BUILT_PRODUCTS_DIR; };
		DACF6C601A206F07000E078C /* Info.plist */ = {isa = PBXFileReference; lastKnownFileType = text.plist.xml; path = Info.plist; sourceTree = "<group>"; };
		DACF6C611A206F07000E078C /* GithubTests.m */ = {isa = PBXFileReference; lastKnownFileType = sourcecode.c.objc; path = GithubTests.m; sourceTree = "<group>"; };
		DACF6C6B1A2078C8000E078C /* SecondViewController.h */ = {isa = PBXFileReference; fileEncoding = 4; lastKnownFileType = sourcecode.c.h; path = SecondViewController.h; sourceTree = "<group>"; };
		DACF6C6C1A2078C8000E078C /* SecondViewController.m */ = {isa = PBXFileReference; fileEncoding = 4; lastKnownFileType = sourcecode.c.objc; path = SecondViewController.m; sourceTree = "<group>"; };
/* End PBXFileReference section */

/* Begin PBXFrameworksBuildPhase section */
		DACF6C3F1A206F06000E078C /* Frameworks */ = {
			isa = PBXFrameworksBuildPhase;
			buildActionMask = 2147483647;
			files = (
				55FC6E26766C4DC580485904 /* libPods.a in Frameworks */,
			);
			runOnlyForDeploymentPostprocessing = 0;
		};
		DACF6C581A206F07000E078C /* Frameworks */ = {
			isa = PBXFrameworksBuildPhase;
			buildActionMask = 2147483647;
			files = (
			);
			runOnlyForDeploymentPostprocessing = 0;
		};
/* End PBXFrameworksBuildPhase section */

/* Begin PBXGroup section */
		106F195BFBD64745A1324C1B /* Frameworks */ = {
			isa = PBXGroup;
			children = (
				1204C916E14C4477BE726871 /* libPods.a */,
			);
			name = Frameworks;
			sourceTree = "<group>";
		};
		DACF6C391A206F06000E078C = {
			isa = PBXGroup;
			children = (
				DACF6C441A206F06000E078C /* Github */,
				DACF6C5E1A206F07000E078C /* GithubTests */,
				DACF6C431A206F06000E078C /* Products */,
				1ED4B5ABAF6647D7A506F07F /* Pods.xcconfig */,
				106F195BFBD64745A1324C1B /* Frameworks */,
			);
			sourceTree = "<group>";
		};
		DACF6C431A206F06000E078C /* Products */ = {
			isa = PBXGroup;
			children = (
				DACF6C421A206F06000E078C /* Github.app */,
				DACF6C5B1A206F07000E078C /* GithubTests.xctest */,
			);
			name = Products;
			sourceTree = "<group>";
		};
		DACF6C441A206F06000E078C /* Github */ = {
			isa = PBXGroup;
			children = (
				DACF6C491A206F06000E078C /* AppDelegate.h */,
				DACF6C4A1A206F06000E078C /* AppDelegate.m */,
				DACF6C4C1A206F06000E078C /* ViewController.h */,
				DACF6C4D1A206F06000E078C /* ViewController.m */,
				DACF6C6B1A2078C8000E078C /* SecondViewController.h */,
				DACF6C6C1A2078C8000E078C /* SecondViewController.m */,
				DACF6C4F1A206F06000E078C /* Main.storyboard */,
				DACF6C521A206F06000E078C /* Images.xcassets */,
				DACF6C541A206F06000E078C /* LaunchScreen.xib */,
				DACF6C451A206F06000E078C /* Supporting Files */,
			);
			path = Github;
			sourceTree = "<group>";
		};
		DACF6C451A206F06000E078C /* Supporting Files */ = {
			isa = PBXGroup;
			children = (
				DACF6C461A206F06000E078C /* Info.plist */,
				DACF6C471A206F06000E078C /* main.m */,
			);
			name = "Supporting Files";
			sourceTree = "<group>";
		};
		DACF6C5E1A206F07000E078C /* GithubTests */ = {
			isa = PBXGroup;
			children = (
				DACF6C611A206F07000E078C /* GithubTests.m */,
				DACF6C5F1A206F07000E078C /* Supporting Files */,
			);
			path = GithubTests;
			sourceTree = "<group>";
		};
		DACF6C5F1A206F07000E078C /* Supporting Files */ = {
			isa = PBXGroup;
			children = (
				DACF6C601A206F07000E078C /* Info.plist */,
			);
			name = "Supporting Files";
			sourceTree = "<group>";
		};
/* End PBXGroup section */

/* Begin PBXNativeTarget section */
		DACF6C411A206F06000E078C /* Github */ = {
			isa = PBXNativeTarget;
			buildConfigurationList = DACF6C651A206F07000E078C /* Build configuration list for PBXNativeTarget "Github" */;
			buildPhases = (
				667D426CD9F14F35B61C05BE /* Check Pods Manifest.lock */,
				DACF6C3E1A206F06000E078C /* Sources */,
				DACF6C3F1A206F06000E078C /* Frameworks */,
				DACF6C401A206F06000E078C /* Resources */,
				58CF2E30D74049A1B9662065 /* Copy Pods Resources */,
			);
			buildRules = (
			);
			dependencies = (
			);
			name = Github;
			productName = Github;
			productReference = DACF6C421A206F06000E078C /* Github.app */;
			productType = "com.apple.product-type.application";
		};
		DACF6C5A1A206F07000E078C /* GithubTests */ = {
			isa = PBXNativeTarget;
			buildConfigurationList = DACF6C681A206F07000E078C /* Build configuration list for PBXNativeTarget "GithubTests" */;
			buildPhases = (
				DACF6C571A206F07000E078C /* Sources */,
				DACF6C581A206F07000E078C /* Frameworks */,
				DACF6C591A206F07000E078C /* Resources */,
			);
			buildRules = (
			);
			dependencies = (
				DACF6C5D1A206F07000E078C /* PBXTargetDependency */,
			);
			name = GithubTests;
			productName = GithubTests;
			productReference = DACF6C5B1A206F07000E078C /* GithubTests.xctest */;
			productType = "com.apple.product-type.bundle.unit-test";
		};
/* End PBXNativeTarget section */

/* Begin PBXProject section */
		DACF6C3A1A206F06000E078C /* Project object */ = {
			isa = PBXProject;
			attributes = {
				LastUpgradeCheck = 0600;
				ORGANIZATIONNAME = lelouch;
				TargetAttributes = {
					DACF6C411A206F06000E078C = {
						CreatedOnToolsVersion = 6.0;
					};
					DACF6C5A1A206F07000E078C = {
						CreatedOnToolsVersion = 6.0;
						TestTargetID = DACF6C411A206F06000E078C;
					};
				};
			};
			buildConfigurationList = DACF6C3D1A206F06000E078C /* Build configuration list for PBXProject "Github" */;
			compatibilityVersion = "Xcode 3.2";
			developmentRegion = English;
			hasScannedForEncodings = 0;
			knownRegions = (
				en,
				Base,
			);
			mainGroup = DACF6C391A206F06000E078C;
			productRefGroup = DACF6C431A206F06000E078C /* Products */;
			projectDirPath = "";
			projectRoot = "";
			targets = (
				DACF6C411A206F06000E078C /* Github */,
				DACF6C5A1A206F07000E078C /* GithubTests */,
			);
		};
/* End PBXProject section */

/* Begin PBXResourcesBuildPhase section */
		DACF6C401A206F06000E078C /* Resources */ = {
			isa = PBXResourcesBuildPhase;
			buildActionMask = 2147483647;
			files = (
				DACF6C511A206F06000E078C /* Main.storyboard in Resources */,
				DACF6C561A206F06000E078C /* LaunchScreen.xib in Resources */,
				DACF6C531A206F06000E078C /* Images.xcassets in Resources */,
			);
			runOnlyForDeploymentPostprocessing = 0;
		};
		DACF6C591A206F07000E078C /* Resources */ = {
			isa = PBXResourcesBuildPhase;
			buildActionMask = 2147483647;
			files = (
			);
			runOnlyForDeploymentPostprocessing = 0;
		};
/* End PBXResourcesBuildPhase section */

/* Begin PBXShellScriptBuildPhase section */
		58CF2E30D74049A1B9662065 /* Copy Pods Resources */ = {
			isa = PBXShellScriptBuildPhase;
			buildActionMask = 2147483647;
			files = (
			);
			inputPaths = (
			);
			name = "Copy Pods Resources";
			outputPaths = (
			);
			runOnlyForDeploymentPostprocessing = 0;
			shellPath = /bin/sh;
			shellScript = "\"${SRCROOT}/Pods/Pods-resources.sh\"\n";
			showEnvVarsInLog = 0;
		};
		667D426CD9F14F35B61C05BE /* Check Pods Manifest.lock */ = {
			isa = PBXShellScriptBuildPhase;
			buildActionMask = 2147483647;
			files = (
			);
			inputPaths = (
			);
			name = "Check Pods Manifest.lock";
			outputPaths = (
			);
			runOnlyForDeploymentPostprocessing = 0;
			shellPath = /bin/sh;
			shellScript = "diff \"${PODS_ROOT}/../Podfile.lock\" \"${PODS_ROOT}/Manifest.lock\" > /dev/null\nif [[ $? != 0 ]] ; then\n    cat << EOM\nerror: The sandbox is not in sync with the Podfile.lock. Run 'pod install' or update your CocoaPods installation.\nEOM\n    exit 1\nfi\n";
			showEnvVarsInLog = 0;
		};
/* End PBXShellScriptBuildPhase section */

/* Begin PBXSourcesBuildPhase section */
		DACF6C3E1A206F06000E078C /* Sources */ = {
			isa = PBXSourcesBuildPhase;
			buildActionMask = 2147483647;
			files = (
				DACF6C6D1A2078C8000E078C /* SecondViewController.m in Sources */,
				DACF6C4E1A206F06000E078C /* ViewController.m in Sources */,
				DACF6C4B1A206F06000E078C /* AppDelegate.m in Sources */,
				DACF6C481A206F06000E078C /* main.m in Sources */,
			);
			runOnlyForDeploymentPostprocessing = 0;
		};
		DACF6C571A206F07000E078C /* Sources */ = {
			isa = PBXSourcesBuildPhase;
			buildActionMask = 2147483647;
			files = (
				DACF6C621A206F07000E078C /* GithubTests.m in Sources */,
			);
			runOnlyForDeploymentPostprocessing = 0;
		};
/* End PBXSourcesBuildPhase section */

/* Begin PBXTargetDependency section */
		DACF6C5D1A206F07000E078C /* PBXTargetDependency */ = {
			isa = PBXTargetDependency;
			target = DACF6C411A206F06000E078C /* Github */;
			targetProxy = DACF6C5C1A206F07000E078C /* PBXContainerItemProxy */;
		};
/* End PBXTargetDependency section */

/* Begin PBXVariantGroup section */
		DACF6C4F1A206F06000E078C /* Main.storyboard */ = {
			isa = PBXVariantGroup;
			children = (
				DACF6C501A206F06000E078C /* Base */,
			);
			name = Main.storyboard;
			sourceTree = "<group>";
		};
		DACF6C541A206F06000E078C /* LaunchScreen.xib */ = {
			isa = PBXVariantGroup;
			children = (
				DACF6C551A206F06000E078C /* Base */,
			);
			name = LaunchScreen.xib;
			sourceTree = "<group>";
		};
/* End PBXVariantGroup section */

/* Begin XCBuildConfiguration section */
		DACF6C631A206F07000E078C /* Debug */ = {
			isa = XCBuildConfiguration;
			buildSettings = {
				ALWAYS_SEARCH_USER_PATHS = NO;
				CLANG_CXX_LANGUAGE_STANDARD = "gnu++0x";
				CLANG_CXX_LIBRARY = "libc++";
				CLANG_ENABLE_MODULES = YES;
				CLANG_ENABLE_OBJC_ARC = YES;
				CLANG_WARN_BOOL_CONVERSION = YES;
				CLANG_WARN_CONSTANT_CONVERSION = YES;
				CLANG_WARN_DIRECT_OBJC_ISA_USAGE = YES_ERROR;
				CLANG_WARN_EMPTY_BODY = YES;
				CLANG_WARN_ENUM_CONVERSION = YES;
				CLANG_WARN_INT_CONVERSION = YES;
				CLANG_WARN_OBJC_ROOT_CLASS = YES_ERROR;
				CLANG_WARN_UNREACHABLE_CODE = YES;
				CLANG_WARN__DUPLICATE_METHOD_MATCH = YES;
				"CODE_SIGN_IDENTITY[sdk=iphoneos*]" = "iPhone Developer";
				COPY_PHASE_STRIP = NO;
				ENABLE_STRICT_OBJC_MSGSEND = YES;
				GCC_C_LANGUAGE_STANDARD = gnu99;
				GCC_DYNAMIC_NO_PIC = NO;
				GCC_OPTIMIZATION_LEVEL = 0;
				GCC_PREPROCESSOR_DEFINITIONS = (
					"DEBUG=1",
					"$(inherited)",
				);
				GCC_SYMBOLS_PRIVATE_EXTERN = NO;
				GCC_WARN_64_TO_32_BIT_CONVERSION = YES;
				GCC_WARN_ABOUT_RETURN_TYPE = YES_ERROR;
				GCC_WARN_UNDECLARED_SELECTOR = YES;
				GCC_WARN_UNINITIALIZED_AUTOS = YES_AGGRESSIVE;
				GCC_WARN_UNUSED_FUNCTION = YES;
				GCC_WARN_UNUSED_VARIABLE = YES;
				IPHONEOS_DEPLOYMENT_TARGET = 8.0;
				MTL_ENABLE_DEBUG_INFO = YES;
				ONLY_ACTIVE_ARCH = YES;
				SDKROOT = iphoneos;
			};
			name = Debug;
		};
		DACF6C641A206F07000E078C /* Release */ = {
			isa = XCBuildConfiguration;
			buildSettings = {
				ALWAYS_SEARCH_USER_PATHS = NO;
				CLANG_CXX_LANGUAGE_STANDARD = "gnu++0x";
				CLANG_CXX_LIBRARY = "libc++";
				CLANG_ENABLE_MODULES = YES;
				CLANG_ENABLE_OBJC_ARC = YES;
				CLANG_WARN_BOOL_CONVERSION = YES;
				CLANG_WARN_CONSTANT_CONVERSION = YES;
				CLANG_WARN_DIRECT_OBJC_ISA_USAGE = YES_ERROR;
				CLANG_WARN_EMPTY_BODY = YES;
				CLANG_WARN_ENUM_CONVERSION = YES;
				CLANG_WARN_INT_CONVERSION = YES;
				CLANG_WARN_OBJC_ROOT_CLASS = YES_ERROR;
				CLANG_WARN_UNREACHABLE_CODE = YES;
				CLANG_WARN__DUPLICATE_METHOD_MATCH = YES;
				"CODE_SIGN_IDENTITY[sdk=iphoneos*]" = "iPhone Developer";
				COPY_PHASE_STRIP = YES;
				ENABLE_NS_ASSERTIONS = NO;
				ENABLE_STRICT_OBJC_MSGSEND = YES;
				GCC_C_LANGUAGE_STANDARD = gnu99;
				GCC_WARN_64_TO_32_BIT_CONVERSION = YES;
				GCC_WARN_ABOUT_RETURN_TYPE = YES_ERROR;
				GCC_WARN_UNDECLARED_SELECTOR = YES;
				GCC_WARN_UNINITIALIZED_AUTOS = YES_AGGRESSIVE;
				GCC_WARN_UNUSED_FUNCTION = YES;
				GCC_WARN_UNUSED_VARIABLE = YES;
				IPHONEOS_DEPLOYMENT_TARGET = 8.0;
				MTL_ENABLE_DEBUG_INFO = NO;
				SDKROOT = iphoneos;
				VALIDATE_PRODUCT = YES;
			};
			name = Release;
		};
		DACF6C661A206F07000E078C /* Debug */ = {
			isa = XCBuildConfiguration;
			baseConfigurationReference = 1ED4B5ABAF6647D7A506F07F /* Pods.xcconfig */;
			buildSettings = {
				ASSETCATALOG_COMPILER_APPICON_NAME = AppIcon;
				INFOPLIST_FILE = Github/Info.plist;
				LD_RUNPATH_SEARCH_PATHS = "$(inherited) @executable_path/Frameworks";
				PRODUCT_NAME = "$(TARGET_NAME)";
			};
			name = Debug;
		};
		DACF6C671A206F07000E078C /* Release */ = {
			isa = XCBuildConfiguration;
			baseConfigurationReference = 1ED4B5ABAF6647D7A506F07F /* Pods.xcconfig */;
			buildSettings = {
				ASSETCATALOG_COMPILER_APPICON_NAME = AppIcon;
				INFOPLIST_FILE = Github/Info.plist;
				LD_RUNPATH_SEARCH_PATHS = "$(inherited) @executable_path/Frameworks";
				PRODUCT_NAME = "$(TARGET_NAME)";
			};
			name = Release;
		};
		DACF6C691A206F07000E078C /* Debug */ = {
			isa = XCBuildConfiguration;
			buildSettings = {
				BUNDLE_LOADER = "$(TEST_HOST)";
				FRAMEWORK_SEARCH_PATHS = (
					"$(SDKROOT)/Developer/Library/Frameworks",
					"$(inherited)",
				);
				GCC_PREPROCESSOR_DEFINITIONS = (
					"DEBUG=1",
					"$(inherited)",
				);
				INFOPLIST_FILE = GithubTests/Info.plist;
				LD_RUNPATH_SEARCH_PATHS = "$(inherited) @executable_path/Frameworks @loader_path/Frameworks";
				PRODUCT_NAME = "$(TARGET_NAME)";
				TEST_HOST = "$(BUILT_PRODUCTS_DIR)/Github.app/Github";
			};
			name = Debug;
		};
		DACF6C6A1A206F07000E078C /* Release */ = {
			isa = XCBuildConfiguration;
			buildSettings = {
				BUNDLE_LOADER = "$(TEST_HOST)";
				FRAMEWORK_SEARCH_PATHS = (
					"$(SDKROOT)/Developer/Library/Frameworks",
					"$(inherited)",
				);
				INFOPLIST_FILE = GithubTests/Info.plist;
				LD_RUNPATH_SEARCH_PATHS = "$(inherited) @executable_path/Frameworks @loader_path/Frameworks";
				PRODUCT_NAME = "$(TARGET_NAME)";
				TEST_HOST = "$(BUILT_PRODUCTS_DIR)/Github.app/Github";
			};
			name = Release;
		};
/* End XCBuildConfiguration section */

/* Begin XCConfigurationList section */
		DACF6C3D1A206F06000E078C /* Build configuration list for PBXProject "Github" */ = {
			isa = XCConfigurationList;
			buildConfigurations = (
				DACF6C631A206F07000E078C /* Debug */,
				DACF6C641A206F07000E078C /* Release */,
			);
			defaultConfigurationIsVisible = 0;
			defaultConfigurationName = Release;
		};
		DACF6C651A206F07000E078C /* Build configuration list for PBXNativeTarget "Github" */ = {
			isa = XCConfigurationList;
			buildConfigurations = (
				DACF6C661A206F07000E078C /* Debug */,
				DACF6C671A206F07000E078C /* Release */,
			);
			defaultConfigurationIsVisible = 0;
			defaultConfigurationName = Release;
		};
		DACF6C681A206F07000E078C /* Build configuration list for PBXNativeTarget "GithubTests" */ = {
			isa = XCConfigurationList;
			buildConfigurations = (
				DACF6C691A206F07000E078C /* Debug */,
				DACF6C6A1A206F07000E078C /* Release */,
			);
			defaultConfigurationIsVisible = 0;
			defaultConfigurationName = Release;
		};
/* End XCConfigurationList section */
	};
	rootObject = DACF6C3A1A206F06000E078C /* Project object */;
}
